
Microsoft Visual Studio Solution File, Format Version 12.00
# Visual Studio Version 16
VisualStudioVersion = 16.0.30225.117
MinimumVisualStudioVersion = 10.0.40219.1
Project("{FAE04EC0-301F-11D3-BF4B-00C04F79EFBC}") = "InventarioAPI", "InventarioAPI\InventarioAPI.csproj", "{EA88C456-CDA0-403B-963F-7A0428C52FFF}"
EndProject
Global
	GlobalSection(SolutionConfigurationPlatforms) = preSolution
		Debug|Any CPU = Debug|Any CPU
		Release|Any CPU = Release|Any CPU
	EndGlobalSection
	GlobalSection(ProjectConfigurationPlatforms) = postSolution
		{EA88C456-CDA0-403B-963F-7A0428C52FFF}.Debug|Any CPU.ActiveCfg = Debug|Any CPU
		{EA88C456-CDA0-403B-963F-7A0428C52FFF}.Debug|Any CPU.Build.0 = Debug|Any CPU
		{EA88C456-CDA0-403B-963F-7A0428C52FFF}.Release|Any CPU.ActiveCfg = Release|Any CPU
		{EA88C456-CDA0-403B-963F-7A0428C52FFF}.Release|Any CPU.Build.0 = Release|Any CPU
	EndGlobalSection
	GlobalSection(SolutionProperties) = preSolution
		HideSolutionNode = FALSE
	EndGlobalSection
	GlobalSection(ExtensibilityGlobals) = postSolution
		SolutionGuid = {10DEE6F7-AE2F-45DE-A4C8-7F92AE2EC324}
	EndGlobalSection
EndGlobal
